schema: '2.0'
stages:
  data_ingestion:
    cmd: python src/tempForecast/pipeline/stage_01_data_ingestion.py
    deps:
    - path: config/config.yaml
      hash: md5
      md5: b3efe8c0c6d409927946250126b2ab99
      size: 1110
    - path: src/tempForecast/pipeline/stage_01_data_ingestion.py
      hash: md5
      md5: 73fcb9869b8ebebfbbb8683d3af84a29
      size: 2464
    outs:
    - path: artifacts/data_ingestion/data.csv
      hash: md5
      md5: da5700a63d14d38264841ba5be68d934
      size: 2271362
  prepare_base_model:
    cmd: python src/tempForecast/pipeline/stage_02_prepare_base_model.py
    deps:
    - path: config/config.yaml
      hash: md5
      md5: b3efe8c0c6d409927946250126b2ab99
      size: 1110
    - path: src/tempForecast/pipeline/stage_02_prepare_base_model.py
      hash: md5
      md5: f772023dae5f17049f337ab5703e553a
      size: 1206
    outs:
    - path: artifacts/prepare_base_model
      hash: md5
      md5: a1cc847c4d6eac000793f526d68f4423.dir
      size: 345
      nfiles: 1
  training:
    cmd: python src/tempForecast/pipeline/stage_03_training.py
    deps:
    - path: artifacts/data_ingestion/train.csv
      hash: md5
      md5: 321840ba08f6b1dd23be9429857e7507
      size: 3524991
    - path: artifacts/prepare_base_model
      hash: md5
      md5: a1cc847c4d6eac000793f526d68f4423.dir
      size: 345
      nfiles: 1
    - path: config/config.yaml
      hash: md5
      md5: b3efe8c0c6d409927946250126b2ab99
      size: 1110
    - path: src/tempForecast/pipeline/stage_03_training.py
      hash: md5
      md5: b017e59e177725054b4d6e17fca217e4
      size: 1122
    outs:
    - path: artifacts/training/model.txt
      hash: md5
      md5: 28fbd442411cae303afb9b12dc8e4ce4
      size: 2111
  evaluation:
    cmd: python src/tempForecast/pipeline/stage_04_evaluation.py
    deps:
    - path: artifacts/data_ingestion/test.csv
      hash: md5
      md5: 7b017c28d7985d9f303fa14bed9c5228
      size: 15590
    - path: artifacts/training/model.txt
      hash: md5
      md5: 47228f7d2027612ba164c214e947a79e
      size: 2111
    - path: config/config.yaml
      hash: md5
      md5: b3efe8c0c6d409927946250126b2ab99
      size: 1110
    - path: src/tempForecast/pipeline/stage_04_evaluation.py
      hash: md5
      md5: b93ef72cd304fcef6256b3a772697492
      size: 862
    outs:
    - path: scores.json
      hash: md5
      md5: c747c73c32739231eac1b07ef381c534
      size: 68
  prediction:
    cmd: python src/tempForecast/pipeline/stage_04_prediction.py
    deps:
    - path: artifacts/data_ingestion/test.csv
      hash: md5
      md5: affddcf2b2b9a28c63269690e03b179e
      size: 15597
    - path: artifacts/data_ingestion/train.csv
      hash: md5
      md5: 321840ba08f6b1dd23be9429857e7507
      size: 3524991
    - path: artifacts/training/model.txt
      hash: md5
      md5: 28fbd442411cae303afb9b12dc8e4ce4
      size: 2111
    - path: config/config.yaml
      hash: md5
      md5: b3efe8c0c6d409927946250126b2ab99
      size: 1110
    - path: src/tempForecast/pipeline/stage_04_prediction.py
      hash: md5
      md5: d217b39873db1bef3e74685624f96f49
      size: 278
    outs:
    - path: graphique.png
      hash: md5
      md5: cf8c725cb05b56a91e5e314eb9dfee82
      size: 33296
    - path: scores.json
      hash: md5
      md5: 27975ffa8a8db6f0e8358000a6c5712c
      size: 68
